{
  "audit": {
    "date": "2026-10-02",
    "model": "claude-opus-5-5",
    "effort": "medium",
    "claude_code": "2.1.288"
  },
  "sources": [
    {
      "url": "https://code.claude.com/docs/en/memory.md",
      "sha256": "fe99e50e312feae327c1e16847bc5853c71aaf2755fa554f9014c9008850e2cb",
      "fetched": "2026-10-02"
    },
    {
      "url": "https://code.claude.com/docs/en/skills.md",
      "sha256": "a56c878589402a9ff249626d91bee8a38b8af1e798565e247c325459a2e79ac4",
      "fetched": "2026-10-02"
    },
    {
      "url": "https://code.claude.com/docs/en/sub-agents.md",
      "sha256": "b433df10c0e6455ffb5e341e53be7aae7a08f2e07094be7e31d02abe5f4eca5d",
      "fetched": "2026-10-02"
    },
    {
      "url": "https://code.claude.com/docs/en/best-practices.md",
      "sha256": "373c5d592d50d3f406ab89d6d41010b6e52bdc03311abcba3805ddad537c0d41",
      "fetched": "2026-10-02"
    },
    {
      "url": "https://code.claude.com/docs/en/debug-your-config.md",
      "sha256": "727e34d879e3ead51849d50c1a5317b37b8a5a4bef0786ec0701c85b5e4fa8f1",
      "fetched": "2026-10-02"
    },
    {
      "url": "https://code.claude.com/docs/en/features-overview.md",
      "sha256": "aca45ca9e27b3fc0bf56e53779ad213fd490493e912984dea0f6dc5ae8cbc5f6",
      "fetched": "2026-10-02"
    },
    {
      "url": "https://code.claude.com/docs/en/context-window.md",
      "sha256": "6beaae83294f55c48b58daea16de7ef005648a3d8415863ac962facb9c5c50cd",
      "fetched": "2026-10-02"
    },
    {
      "url": "https://code.claude.com/docs/en/plugin-evals.md",
      "sha256": "921f5f3df1cdad1a2d52c516ad34a760a0342d70629e2a3662175808c2d3ca89",
      "fetched": "2026-10-02"
    },
    {
      "url": "https://platform.claude.com/docs/en/agents-and-tools/agent-skills/best-practices.md",
      "sha256": "542eee1e150ff7e2853099dd9e24b94626817d5a50ba50af4a4c35101a355f13",
      "fetched": "2026-10-02"
    },
    {
      "url": "https://platform.claude.com/docs/en/build-with-claude/prompt-engineering/claude-prompting-best-practices.md",
      "sha256": "86ad39e45ce3b3ed565d06730f7f97d6a3d0cb27cfd74e55e85f740c0d6f71b3",
      "fetched": "2026-10-02"
    },
    {
      "url": "https://platform.claude.com/docs/en/build-with-claude/prompt-engineering/prompting-claude-opus-5-5.md",
      "sha256": "ad7119a29add19ada00b88f5bab4e737ad5d2834a1281004505cca00b348bc07",
      "fetched": "2026-10-02"
    }
  ]
}
